
Microsoft Visual Studio Solution File, Format Version 12.00
# Visual Studio Version 17
VisualStudioVersion = 17.9.34723.18
MinimumVisualStudioVersion = 10.0.40219.1
Project("{FAE04EC0-301F-11D3-BF4B-00C04F79EFBC}") = "E-Shop Core API", "E-Shop Core API\E-Shop Core API.csproj", "{79B1C784-3C0E-41DE-B32C-9F58275D71A9}"
EndProject
Project("{FAE04EC0-301F-11D3-BF4B-00C04F79EFBC}") = "Business", "Business\Business.csproj", "{391CEB99-E1D6-4AE0-87C7-CA572C6D7EA8}"
EndProject
Project("{FAE04EC0-301F-11D3-BF4B-00C04F79EFBC}") = "Core", "Core\Core.csproj", "{6323EA49-529F-4ED1-9007-525C2608AF87}"
EndProject
Project("{FAE04EC0-301F-11D3-BF4B-00C04F79EFBC}") = "DataAccess", "DataAccess\DataAccess.csproj", "{2EBFB0E6-B9C3-4F74-BF60-242E5F9A5BCF}"
EndProject
Global
	GlobalSection(SolutionConfigurationPlatforms) = preSolution
		Debug|Any CPU = Debug|Any CPU
		Release|Any CPU = Release|Any CPU
	EndGlobalSection
	GlobalSection(ProjectConfigurationPlatforms) = postSolution
		{79B1C784-3C0E-41DE-B32C-9F58275D71A9}.Debug|Any CPU.ActiveCfg = Debug|Any CPU
		{79B1C784-3C0E-41DE-B32C-9F58275D71A9}.Debug|Any CPU.Build.0 = Debug|Any CPU
		{79B1C784-3C0E-41DE-B32C-9F58275D71A9}.Release|Any CPU.ActiveCfg = Release|Any CPU
		{79B1C784-3C0E-41DE-B32C-9F58275D71A9}.Release|Any CPU.Build.0 = Release|Any CPU
		{391CEB99-E1D6-4AE0-87C7-CA572C6D7EA8}.Debug|Any CPU.ActiveCfg = Debug|Any CPU
		{391CEB99-E1D6-4AE0-87C7-CA572C6D7EA8}.Debug|Any CPU.Build.0 = Debug|Any CPU
		{391CEB99-E1D6-4AE0-87C7-CA572C6D7EA8}.Release|Any CPU.ActiveCfg = Release|Any CPU
		{391CEB99-E1D6-4AE0-87C7-CA572C6D7EA8}.Release|Any CPU.Build.0 = Release|Any CPU
		{6323EA49-529F-4ED1-9007-525C2608AF87}.Debug|Any CPU.ActiveCfg = Debug|Any CPU
		{6323EA49-529F-4ED1-9007-525C2608AF87}.Debug|Any CPU.Build.0 = Debug|Any CPU
		{6323EA49-529F-4ED1-9007-525C2608AF87}.Release|Any CPU.ActiveCfg = Release|Any CPU
		{6323EA49-529F-4ED1-9007-525C2608AF87}.Release|Any CPU.Build.0 = Release|Any CPU
		{2EBFB0E6-B9C3-4F74-BF60-242E5F9A5BCF}.Debug|Any CPU.ActiveCfg = Debug|Any CPU
		{2EBFB0E6-B9C3-4F74-BF60-242E5F9A5BCF}.Debug|Any CPU.Build.0 = Debug|Any CPU
		{2EBFB0E6-B9C3-4F74-BF60-242E5F9A5BCF}.Release|Any CPU.ActiveCfg = Release|Any CPU
		{2EBFB0E6-B9C3-4F74-BF60-242E5F9A5BCF}.Release|Any CPU.Build.0 = Release|Any CPU
	EndGlobalSection
	GlobalSection(SolutionProperties) = preSolution
		HideSolutionNode = FALSE
	EndGlobalSection
	GlobalSection(ExtensibilityGlobals) = postSolution
		SolutionGuid = {06274C9E-F45B-49C6-BD7C-A99BEE75C9ED}
	EndGlobalSection
EndGlobal
